
Microsoft Visual Studio Solution File, Format Version 12.00
# Visual Studio Version 16
VisualStudioVersion = 16.0.28729.10
MinimumVisualStudioVersion = 10.0.40219.1
Project("{2150E333-8FDC-42A3-9474-1A3956D46DE8}") = "Libraries", "Libraries", "{72D7C84F-21D2-445A-8A7D-429C023534EA}"
EndProject
Project("{2150E333-8FDC-42A3-9474-1A3956D46DE8}") = "Applications", "Applications", "{D0E16C21-468E-46AF-9F64-552BBBAF9CC6}"
EndProject
Project("{2150E333-8FDC-42A3-9474-1A3956D46DE8}") = "Tests", "Tests", "{E5978864-9204-446D-B21E-D125814CD999}"
EndProject
Project("{9A19103F-16F7-4668-BE54-9A1E7A4F7556}") = "Cube.Pdf.Core", "Libraries\Core\Cube.Pdf.Core.csproj", "{5D742956-06A5-40F9-939D-5EFF66B78D8D}"
EndProject
Project("{9A19103F-16F7-4668-BE54-9A1E7A4F7556}") = "Cube.Pdf.Ghostscript", "Libraries\Ghostscript\Cube.Pdf.Ghostscript.csproj", "{781AA3BC-29D6-43BA-B76B-7EF1C5532BA5}"
EndProject
Project("{9A19103F-16F7-4668-BE54-9A1E7A4F7556}") = "Cube.Pdf.Itext", "Libraries\Itext\Cube.Pdf.Itext.csproj", "{77E24CB7-79B1-4797-8477-EAD767685795}"
EndProject
Project("{9A19103F-16F7-4668-BE54-9A1E7A4F7556}") = "Cube.Pdf.Pdfium", "Libraries\Pdfium\Cube.Pdf.Pdfium.csproj", "{6924768E-F20A-4EA8-9D15-46F8A9890989}"
EndProject
Project("{9A19103F-16F7-4668-BE54-9A1E7A4F7556}") = "Cube.Pdf.Converter", "Applications\Converter\Core\Cube.Pdf.Converter.csproj", "{3804AFB6-EB38-4AA6-B58A-DD9C0337AB31}"
EndProject
Project("{9A19103F-16F7-4668-BE54-9A1E7A4F7556}") = "Cube.Pdf.Converter.Main", "Applications\Converter\Main\Cube.Pdf.Converter.Main.csproj", "{467EEF80-0390-46E8-A403-CAB70FC2D8E1}"
EndProject
Project("{9A19103F-16F7-4668-BE54-9A1E7A4F7556}") = "Cube.Pdf.Converter.Proxy", "Applications\Converter\Proxy\Cube.Pdf.Converter.Proxy.csproj", "{49D837DB-CD03-4BCA-8726-FD82B0769AD4}"
EndProject
Project("{9A19103F-16F7-4668-BE54-9A1E7A4F7556}") = "Cube.Pdf.Editor", "Applications\Editor\Main\Cube.Pdf.Editor.csproj", "{CA46007A-4F0F-4304-BB57-D0E22D7C936E}"
EndProject
Project("{9A19103F-16F7-4668-BE54-9A1E7A4F7556}") = "Cube.Pdf.Editor.Proxy", "Applications\Editor\Proxy\Cube.Pdf.Editor.Proxy.csproj", "{F1A92A05-5950-454F-AFAB-3479F3E1EC43}"
EndProject
Project("{9A19103F-16F7-4668-BE54-9A1E7A4F7556}") = "Cube.Pdf.Clip", "Applications\Clip\Main\Cube.Pdf.Clip.csproj", "{6B98DB21-AA5C-49A7-827F-4611C075CF3F}"
EndProject
Project("{9A19103F-16F7-4668-BE54-9A1E7A4F7556}") = "Cube.Pdf.Pages", "Applications\Pages\Main\Cube.Pdf.Pages.csproj", "{5071D4BE-9A1A-40EA-A729-9A80B97CB9B1}"
EndProject
Project("{9A19103F-16F7-4668-BE54-9A1E7A4F7556}") = "Cube.Pdf.Tests", "Tests\Core\Cube.Pdf.Tests.csproj", "{583ECD4D-D68F-4FBB-A8F7-5B88E744EB31}"
EndProject
Project("{9A19103F-16F7-4668-BE54-9A1E7A4F7556}") = "Cube.Pdf.Converter.Tests", "Tests\Converter\Cube.Pdf.Converter.Tests.csproj", "{D0E7D96E-F1FB-4508-BF95-FBEE287BD8A2}"
EndProject
Project("{9A19103F-16F7-4668-BE54-9A1E7A4F7556}") = "Cube.Pdf.Editor.Tests", "Tests\Editor\Cube.Pdf.Editor.Tests.csproj", "{741CADAB-88E7-41B3-8250-D75A85580667}"
EndProject
Project("{9A19103F-16F7-4668-BE54-9A1E7A4F7556}") = "Cube.Pdf.Clip.Tests", "Tests\Clip\Cube.Pdf.Clip.Tests.csproj", "{FFC00657-5838-494B-8B90-35BF41099EF7}"
EndProject
Project("{9A19103F-16F7-4668-BE54-9A1E7A4F7556}") = "Cube.Pdf.Pages.Tests", "Tests\Pages\Cube.Pdf.Pages.Tests.csproj", "{65D9A6FC-DC4B-4613-91FD-B6A0CC23D3A2}"
EndProject
Global
	GlobalSection(SolutionConfigurationPlatforms) = preSolution
		Debug|Any CPU = Debug|Any CPU
		Debug|x64 = Debug|x64
		Debug|x86 = Debug|x86
		Release|Any CPU = Release|Any CPU
		Release|x64 = Release|x64
		Release|x86 = Release|x86
	EndGlobalSection
	GlobalSection(ProjectConfigurationPlatforms) = postSolution
		{5D742956-06A5-40F9-939D-5EFF66B78D8D}.Debug|Any CPU.ActiveCfg = Debug|Any CPU
		{5D742956-06A5-40F9-939D-5EFF66B78D8D}.Debug|Any CPU.Build.0 = Debug|Any CPU
		{5D742956-06A5-40F9-939D-5EFF66B78D8D}.Debug|x64.ActiveCfg = Debug|Any CPU
		{5D742956-06A5-40F9-939D-5EFF66B78D8D}.Debug|x64.Build.0 = Debug|Any CPU
		{5D742956-06A5-40F9-939D-5EFF66B78D8D}.Debug|x86.ActiveCfg = Debug|Any CPU
		{5D742956-06A5-40F9-939D-5EFF66B78D8D}.Debug|x86.Build.0 = Debug|Any CPU
		{5D742956-06A5-40F9-939D-5EFF66B78D8D}.Release|Any CPU.ActiveCfg = Release|Any CPU
		{5D742956-06A5-40F9-939D-5EFF66B78D8D}.Release|Any CPU.Build.0 = Release|Any CPU
		{5D742956-06A5-40F9-939D-5EFF66B78D8D}.Release|x64.ActiveCfg = Release|Any CPU
		{5D742956-06A5-40F9-939D-5EFF66B78D8D}.Release|x64.Build.0 = Release|Any CPU
		{5D742956-06A5-40F9-939D-5EFF66B78D8D}.Release|x86.ActiveCfg = Release|Any CPU
		{5D742956-06A5-40F9-939D-5EFF66B78D8D}.Release|x86.Build.0 = Release|Any CPU
		{781AA3BC-29D6-43BA-B76B-7EF1C5532BA5}.Debug|Any CPU.ActiveCfg = Debug|Any CPU
		{781AA3BC-29D6-43BA-B76B-7EF1C5532BA5}.Debug|Any CPU.Build.0 = Debug|Any CPU
		{781AA3BC-29D6-43BA-B76B-7EF1C5532BA5}.Debug|x64.ActiveCfg = Debug|Any CPU
		{781AA3BC-29D6-43BA-B76B-7EF1C5532BA5}.Debug|x64.Build.0 = Debug|Any CPU
		{781AA3BC-29D6-43BA-B76B-7EF1C5532BA5}.Debug|x86.ActiveCfg = Debug|Any CPU
		{781AA3BC-29D6-43BA-B76B-7EF1C5532BA5}.Debug|x86.Build.0 = Debug|Any CPU
		{781AA3BC-29D6-43BA-B76B-7EF1C5532BA5}.Release|Any CPU.ActiveCfg = Release|Any CPU
		{781AA3BC-29D6-43BA-B76B-7EF1C5532BA5}.Release|Any CPU.Build.0 = Release|Any CPU
		{781AA3BC-29D6-43BA-B76B-7EF1C5532BA5}.Release|x64.ActiveCfg = Release|Any CPU
		{781AA3BC-29D6-43BA-B76B-7EF1C5532BA5}.Release|x64.Build.0 = Release|Any CPU
		{781AA3BC-29D6-43BA-B76B-7EF1C5532BA5}.Release|x86.ActiveCfg = Release|Any CPU
		{781AA3BC-29D6-43BA-B76B-7EF1C5532BA5}.Release|x86.Build.0 = Release|Any CPU
		{77E24CB7-79B1-4797-8477-EAD767685795}.Debug|Any CPU.ActiveCfg = Debug|Any CPU
		{77E24CB7-79B1-4797-8477-EAD767685795}.Debug|Any CPU.Build.0 = Debug|Any CPU
		{77E24CB7-79B1-4797-8477-EAD767685795}.Debug|x64.ActiveCfg = Debug|Any CPU
		{77E24CB7-79B1-4797-8477-EAD767685795}.Debug|x64.Build.0 = Debug|Any CPU
		{77E24CB7-79B1-4797-8477-EAD767685795}.Debug|x86.ActiveCfg = Debug|Any CPU
		{77E24CB7-79B1-4797-8477-EAD767685795}.Debug|x86.Build.0 = Debug|Any CPU
		{77E24CB7-79B1-4797-8477-EAD767685795}.Release|Any CPU.ActiveCfg = Release|Any CPU
		{77E24CB7-79B1-4797-8477-EAD767685795}.Release|Any CPU.Build.0 = Release|Any CPU
		{77E24CB7-79B1-4797-8477-EAD767685795}.Release|x64.ActiveCfg = Release|Any CPU
		{77E24CB7-79B1-4797-8477-EAD767685795}.Release|x64.Build.0 = Release|Any CPU
		{77E24CB7-79B1-4797-8477-EAD767685795}.Release|x86.ActiveCfg = Release|Any CPU
		{77E24CB7-79B1-4797-8477-EAD767685795}.Release|x86.Build.0 = Release|Any CPU
		{6924768E-F20A-4EA8-9D15-46F8A9890989}.Debug|Any CPU.ActiveCfg = Debug|Any CPU
		{6924768E-F20A-4EA8-9D15-46F8A9890989}.Debug|Any CPU.Build.0 = Debug|Any CPU
		{6924768E-F20A-4EA8-9D15-46F8A9890989}.Debug|x64.ActiveCfg = Debug|Any CPU
		{6924768E-F20A-4EA8-9D15-46F8A9890989}.Debug|x64.Build.0 = Debug|Any CPU
		{6924768E-F20A-4EA8-9D15-46F8A9890989}.Debug|x86.ActiveCfg = Debug|Any CPU
		{6924768E-F20A-4EA8-9D15-46F8A9890989}.Debug|x86.Build.0 = Debug|Any CPU
		{6924768E-F20A-4EA8-9D15-46F8A9890989}.Release|Any CPU.ActiveCfg = Release|Any CPU
		{6924768E-F20A-4EA8-9D15-46F8A9890989}.Release|Any CPU.Build.0 = Release|Any CPU
		{6924768E-F20A-4EA8-9D15-46F8A9890989}.Release|x64.ActiveCfg = Release|Any CPU
		{6924768E-F20A-4EA8-9D15-46F8A9890989}.Release|x64.Build.0 = Release|Any CPU
		{6924768E-F20A-4EA8-9D15-46F8A9890989}.Release|x86.ActiveCfg = Release|Any CPU
		{6924768E-F20A-4EA8-9D15-46F8A9890989}.Release|x86.Build.0 = Release|Any CPU
		{3804AFB6-EB38-4AA6-B58A-DD9C0337AB31}.Debug|Any CPU.ActiveCfg = Debug|Any CPU
		{3804AFB6-EB38-4AA6-B58A-DD9C0337AB31}.Debug|Any CPU.Build.0 = Debug|Any CPU
		{3804AFB6-EB38-4AA6-B58A-DD9C0337AB31}.Debug|x64.ActiveCfg = Debug|Any CPU
		{3804AFB6-EB38-4AA6-B58A-DD9C0337AB31}.Debug|x64.Build.0 = Debug|Any CPU
		{3804AFB6-EB38-4AA6-B58A-DD9C0337AB31}.Debug|x86.ActiveCfg = Debug|Any CPU
		{3804AFB6-EB38-4AA6-B58A-DD9C0337AB31}.Debug|x86.Build.0 = Debug|Any CPU
		{3804AFB6-EB38-4AA6-B58A-DD9C0337AB31}.Release|Any CPU.ActiveCfg = Release|Any CPU
		{3804AFB6-EB38-4AA6-B58A-DD9C0337AB31}.Release|Any CPU.Build.0 = Release|Any CPU
		{3804AFB6-EB38-4AA6-B58A-DD9C0337AB31}.Release|x64.ActiveCfg = Release|Any CPU
		{3804AFB6-EB38-4AA6-B58A-DD9C0337AB31}.Release|x64.Build.0 = Release|Any CPU
		{3804AFB6-EB38-4AA6-B58A-DD9C0337AB31}.Release|x86.ActiveCfg = Release|Any CPU
		{3804AFB6-EB38-4AA6-B58A-DD9C0337AB31}.Release|x86.Build.0 = Release|Any CPU
		{467EEF80-0390-46E8-A403-CAB70FC2D8E1}.Debug|Any CPU.ActiveCfg = Debug|Any CPU
		{467EEF80-0390-46E8-A403-CAB70FC2D8E1}.Debug|Any CPU.Build.0 = Debug|Any CPU
		{467EEF80-0390-46E8-A403-CAB70FC2D8E1}.Debug|x64.ActiveCfg = Debug|x64
		{467EEF80-0390-46E8-A403-CAB70FC2D8E1}.Debug|x64.Build.0 = Debug|x64
		{467EEF80-0390-46E8-A403-CAB70FC2D8E1}.Debug|x86.ActiveCfg = Debug|x86
		{467EEF80-0390-46E8-A403-CAB70FC2D8E1}.Debug|x86.Build.0 = Debug|x86
		{467EEF80-0390-46E8-A403-CAB70FC2D8E1}.Release|Any CPU.ActiveCfg = Release|Any CPU
		{467EEF80-0390-46E8-A403-CAB70FC2D8E1}.Release|Any CPU.Build.0 = Release|Any CPU
		{467EEF80-0390-46E8-A403-CAB70FC2D8E1}.Release|x64.ActiveCfg = Release|x64
		{467EEF80-0390-46E8-A403-CAB70FC2D8E1}.Release|x64.Build.0 = Release|x64
		{467EEF80-0390-46E8-A403-CAB70FC2D8E1}.Release|x86.ActiveCfg = Release|x86
		{467EEF80-0390-46E8-A403-CAB70FC2D8E1}.Release|x86.Build.0 = Release|x86
		{49D837DB-CD03-4BCA-8726-FD82B0769AD4}.Debug|Any CPU.ActiveCfg = Debug|Any CPU
		{49D837DB-CD03-4BCA-8726-FD82B0769AD4}.Debug|Any CPU.Build.0 = Debug|Any CPU
		{49D837DB-CD03-4BCA-8726-FD82B0769AD4}.Debug|x64.ActiveCfg = Debug|x64
		{49D837DB-CD03-4BCA-8726-FD82B0769AD4}.Debug|x64.Build.0 = Debug|x64
		{49D837DB-CD03-4BCA-8726-FD82B0769AD4}.Debug|x86.ActiveCfg = Debug|x86
		{49D837DB-CD03-4BCA-8726-FD82B0769AD4}.Debug|x86.Build.0 = Debug|x86
		{49D837DB-CD03-4BCA-8726-FD82B0769AD4}.Release|Any CPU.ActiveCfg = Release|Any CPU
		{49D837DB-CD03-4BCA-8726-FD82B0769AD4}.Release|Any CPU.Build.0 = Release|Any CPU
		{49D837DB-CD03-4BCA-8726-FD82B0769AD4}.Release|x64.ActiveCfg = Release|x64
		{49D837DB-CD03-4BCA-8726-FD82B0769AD4}.Release|x64.Build.0 = Release|x64
		{49D837DB-CD03-4BCA-8726-FD82B0769AD4}.Release|x86.ActiveCfg = Release|x86
		{49D837DB-CD03-4BCA-8726-FD82B0769AD4}.Release|x86.Build.0 = Release|x86
		{CA46007A-4F0F-4304-BB57-D0E22D7C936E}.Debug|Any CPU.ActiveCfg = Debug|Any CPU
		{CA46007A-4F0F-4304-BB57-D0E22D7C936E}.Debug|Any CPU.Build.0 = Debug|Any CPU
		{CA46007A-4F0F-4304-BB57-D0E22D7C936E}.Debug|x64.ActiveCfg = Debug|x64
		{CA46007A-4F0F-4304-BB57-D0E22D7C936E}.Debug|x64.Build.0 = Debug|x64
		{CA46007A-4F0F-4304-BB57-D0E22D7C936E}.Debug|x86.ActiveCfg = Debug|x86
		{CA46007A-4F0F-4304-BB57-D0E22D7C936E}.Debug|x86.Build.0 = Debug|x86
		{CA46007A-4F0F-4304-BB57-D0E22D7C936E}.Release|Any CPU.ActiveCfg = Release|Any CPU
		{CA46007A-4F0F-4304-BB57-D0E22D7C936E}.Release|Any CPU.Build.0 = Release|Any CPU
		{CA46007A-4F0F-4304-BB57-D0E22D7C936E}.Release|x64.ActiveCfg = Release|x64
		{CA46007A-4F0F-4304-BB57-D0E22D7C936E}.Release|x64.Build.0 = Release|x64
		{CA46007A-4F0F-4304-BB57-D0E22D7C936E}.Release|x86.ActiveCfg = Release|x86
		{CA46007A-4F0F-4304-BB57-D0E22D7C936E}.Release|x86.Build.0 = Release|x86
		{F1A92A05-5950-454F-AFAB-3479F3E1EC43}.Debug|Any CPU.ActiveCfg = Debug|Any CPU
		{F1A92A05-5950-454F-AFAB-3479F3E1EC43}.Debug|Any CPU.Build.0 = Debug|Any CPU
		{F1A92A05-5950-454F-AFAB-3479F3E1EC43}.Debug|x64.ActiveCfg = Debug|x64
		{F1A92A05-5950-454F-AFAB-3479F3E1EC43}.Debug|x64.Build.0 = Debug|x64
		{F1A92A05-5950-454F-AFAB-3479F3E1EC43}.Debug|x86.ActiveCfg = Debug|x86
		{F1A92A05-5950-454F-AFAB-3479F3E1EC43}.Debug|x86.Build.0 = Debug|x86
		{F1A92A05-5950-454F-AFAB-3479F3E1EC43}.Release|Any CPU.ActiveCfg = Release|Any CPU
		{F1A92A05-5950-454F-AFAB-3479F3E1EC43}.Release|Any CPU.Build.0 = Release|Any CPU
		{F1A92A05-5950-454F-AFAB-3479F3E1EC43}.Release|x64.ActiveCfg = Release|x64
		{F1A92A05-5950-454F-AFAB-3479F3E1EC43}.Release|x64.Build.0 = Release|x64
		{F1A92A05-5950-454F-AFAB-3479F3E1EC43}.Release|x86.ActiveCfg = Release|x86
		{F1A92A05-5950-454F-AFAB-3479F3E1EC43}.Release|x86.Build.0 = Release|x86
		{6B98DB21-AA5C-49A7-827F-4611C075CF3F}.Debug|Any CPU.ActiveCfg = Debug|Any CPU
		{6B98DB21-AA5C-49A7-827F-4611C075CF3F}.Debug|Any CPU.Build.0 = Debug|Any CPU
		{6B98DB21-AA5C-49A7-827F-4611C075CF3F}.Debug|x64.ActiveCfg = Debug|x64
		{6B98DB21-AA5C-49A7-827F-4611C075CF3F}.Debug|x64.Build.0 = Debug|x64
		{6B98DB21-AA5C-49A7-827F-4611C075CF3F}.Debug|x86.ActiveCfg = Debug|x86
		{6B98DB21-AA5C-49A7-827F-4611C075CF3F}.Debug|x86.Build.0 = Debug|x86
		{6B98DB21-AA5C-49A7-827F-4611C075CF3F}.Release|Any CPU.ActiveCfg = Release|Any CPU
		{6B98DB21-AA5C-49A7-827F-4611C075CF3F}.Release|Any CPU.Build.0 = Release|Any CPU
		{6B98DB21-AA5C-49A7-827F-4611C075CF3F}.Release|x64.ActiveCfg = Release|x64
		{6B98DB21-AA5C-49A7-827F-4611C075CF3F}.Release|x64.Build.0 = Release|x64
		{6B98DB21-AA5C-49A7-827F-4611C075CF3F}.Release|x86.ActiveCfg = Release|x86
		{6B98DB21-AA5C-49A7-827F-4611C075CF3F}.Release|x86.Build.0 = Release|x86
		{5071D4BE-9A1A-40EA-A729-9A80B97CB9B1}.Debug|Any CPU.ActiveCfg = Debug|Any CPU
		{5071D4BE-9A1A-40EA-A729-9A80B97CB9B1}.Debug|Any CPU.Build.0 = Debug|Any CPU
		{5071D4BE-9A1A-40EA-A729-9A80B97CB9B1}.Debug|x64.ActiveCfg = Debug|x64
		{5071D4BE-9A1A-40EA-A729-9A80B97CB9B1}.Debug|x64.Build.0 = Debug|x64
		{5071D4BE-9A1A-40EA-A729-9A80B97CB9B1}.Debug|x86.ActiveCfg = Debug|x86
		{5071D4BE-9A1A-40EA-A729-9A80B97CB9B1}.Debug|x86.Build.0 = Debug|x86
		{5071D4BE-9A1A-40EA-A729-9A80B97CB9B1}.Release|Any CPU.ActiveCfg = Release|Any CPU
		{5071D4BE-9A1A-40EA-A729-9A80B97CB9B1}.Release|Any CPU.Build.0 = Release|Any CPU
		{5071D4BE-9A1A-40EA-A729-9A80B97CB9B1}.Release|x64.ActiveCfg = Release|x64
		{5071D4BE-9A1A-40EA-A729-9A80B97CB9B1}.Release|x64.Build.0 = Release|x64
		{5071D4BE-9A1A-40EA-A729-9A80B97CB9B1}.Release|x86.ActiveCfg = Release|x86
		{5071D4BE-9A1A-40EA-A729-9A80B97CB9B1}.Release|x86.Build.0 = Release|x86
		{583ECD4D-D68F-4FBB-A8F7-5B88E744EB31}.Debug|Any CPU.ActiveCfg = Debug|Any CPU
		{583ECD4D-D68F-4FBB-A8F7-5B88E744EB31}.Debug|Any CPU.Build.0 = Debug|Any CPU
		{583ECD4D-D68F-4FBB-A8F7-5B88E744EB31}.Debug|x64.ActiveCfg = Debug|x64
		{583ECD4D-D68F-4FBB-A8F7-5B88E744EB31}.Debug|x64.Build.0 = Debug|x64
		{583ECD4D-D68F-4FBB-A8F7-5B88E744EB31}.Debug|x86.ActiveCfg = Debug|x86
		{583ECD4D-D68F-4FBB-A8F7-5B88E744EB31}.Debug|x86.Build.0 = Debug|x86
		{583ECD4D-D68F-4FBB-A8F7-5B88E744EB31}.Release|Any CPU.ActiveCfg = Release|Any CPU
		{583ECD4D-D68F-4FBB-A8F7-5B88E744EB31}.Release|Any CPU.Build.0 = Release|Any CPU
		{583ECD4D-D68F-4FBB-A8F7-5B88E744EB31}.Release|x64.ActiveCfg = Release|x64
		{583ECD4D-D68F-4FBB-A8F7-5B88E744EB31}.Release|x64.Build.0 = Release|x64
		{583ECD4D-D68F-4FBB-A8F7-5B88E744EB31}.Release|x86.ActiveCfg = Release|x86
		{583ECD4D-D68F-4FBB-A8F7-5B88E744EB31}.Release|x86.Build.0 = Release|x86
		{D0E7D96E-F1FB-4508-BF95-FBEE287BD8A2}.Debug|Any CPU.ActiveCfg = Debug|Any CPU
		{D0E7D96E-F1FB-4508-BF95-FBEE287BD8A2}.Debug|Any CPU.Build.0 = Debug|Any CPU
		{D0E7D96E-F1FB-4508-BF95-FBEE287BD8A2}.Debug|x64.ActiveCfg = Debug|x64
		{D0E7D96E-F1FB-4508-BF95-FBEE287BD8A2}.Debug|x64.Build.0 = Debug|x64
		{D0E7D96E-F1FB-4508-BF95-FBEE287BD8A2}.Debug|x86.ActiveCfg = Debug|x86
		{D0E7D96E-F1FB-4508-BF95-FBEE287BD8A2}.Debug|x86.Build.0 = Debug|x86
		{D0E7D96E-F1FB-4508-BF95-FBEE287BD8A2}.Release|Any CPU.ActiveCfg = Release|Any CPU
		{D0E7D96E-F1FB-4508-BF95-FBEE287BD8A2}.Release|Any CPU.Build.0 = Release|Any CPU
		{D0E7D96E-F1FB-4508-BF95-FBEE287BD8A2}.Release|x64.ActiveCfg = Release|x64
		{D0E7D96E-F1FB-4508-BF95-FBEE287BD8A2}.Release|x64.Build.0 = Release|x64
		{D0E7D96E-F1FB-4508-BF95-FBEE287BD8A2}.Release|x86.ActiveCfg = Release|x86
		{D0E7D96E-F1FB-4508-BF95-FBEE287BD8A2}.Release|x86.Build.0 = Release|x86
		{741CADAB-88E7-41B3-8250-D75A85580667}.Debug|Any CPU.ActiveCfg = Debug|Any CPU
		{741CADAB-88E7-41B3-8250-D75A85580667}.Debug|Any CPU.Build.0 = Debug|Any CPU
		{741CADAB-88E7-41B3-8250-D75A85580667}.Debug|x64.ActiveCfg = Debug|x64
		{741CADAB-88E7-41B3-8250-D75A85580667}.Debug|x64.Build.0 = Debug|x64
		{741CADAB-88E7-41B3-8250-D75A85580667}.Debug|x86.ActiveCfg = Debug|x86
		{741CADAB-88E7-41B3-8250-D75A85580667}.Debug|x86.Build.0 = Debug|x86
		{741CADAB-88E7-41B3-8250-D75A85580667}.Release|Any CPU.ActiveCfg = Release|Any CPU
		{741CADAB-88E7-41B3-8250-D75A85580667}.Release|Any CPU.Build.0 = Release|Any CPU
		{741CADAB-88E7-41B3-8250-D75A85580667}.Release|x64.ActiveCfg = Release|x64
		{741CADAB-88E7-41B3-8250-D75A85580667}.Release|x64.Build.0 = Release|x64
		{741CADAB-88E7-41B3-8250-D75A85580667}.Release|x86.ActiveCfg = Release|x86
		{741CADAB-88E7-41B3-8250-D75A85580667}.Release|x86.Build.0 = Release|x86
		{FFC00657-5838-494B-8B90-35BF41099EF7}.Debug|Any CPU.ActiveCfg = Debug|Any CPU
		{FFC00657-5838-494B-8B90-35BF41099EF7}.Debug|Any CPU.Build.0 = Debug|Any CPU
		{FFC00657-5838-494B-8B90-35BF41099EF7}.Debug|x64.ActiveCfg = Debug|x64
		{FFC00657-5838-494B-8B90-35BF41099EF7}.Debug|x64.Build.0 = Debug|x64
		{FFC00657-5838-494B-8B90-35BF41099EF7}.Debug|x86.ActiveCfg = Debug|x86
		{FFC00657-5838-494B-8B90-35BF41099EF7}.Debug|x86.Build.0 = Debug|x86
		{FFC00657-5838-494B-8B90-35BF41099EF7}.Release|Any CPU.ActiveCfg = Release|Any CPU
		{FFC00657-5838-494B-8B90-35BF41099EF7}.Release|Any CPU.Build.0 = Release|Any CPU
		{FFC00657-5838-494B-8B90-35BF41099EF7}.Release|x64.ActiveCfg = Release|x64
		{FFC00657-5838-494B-8B90-35BF41099EF7}.Release|x64.Build.0 = Release|x64
		{FFC00657-5838-494B-8B90-35BF41099EF7}.Release|x86.ActiveCfg = Release|x86
		{FFC00657-5838-494B-8B90-35BF41099EF7}.Release|x86.Build.0 = Release|x86
		{65D9A6FC-DC4B-4613-91FD-B6A0CC23D3A2}.Debug|Any CPU.ActiveCfg = Debug|Any CPU
		{65D9A6FC-DC4B-4613-91FD-B6A0CC23D3A2}.Debug|Any CPU.Build.0 = Debug|Any CPU
		{65D9A6FC-DC4B-4613-91FD-B6A0CC23D3A2}.Debug|x64.ActiveCfg = Debug|x64
		{65D9A6FC-DC4B-4613-91FD-B6A0CC23D3A2}.Debug|x64.Build.0 = Debug|x64
		{65D9A6FC-DC4B-4613-91FD-B6A0CC23D3A2}.Debug|x86.ActiveCfg = Debug|x86
		{65D9A6FC-DC4B-4613-91FD-B6A0CC23D3A2}.Debug|x86.Build.0 = Debug|x86
		{65D9A6FC-DC4B-4613-91FD-B6A0CC23D3A2}.Release|Any CPU.ActiveCfg = Release|Any CPU
		{65D9A6FC-DC4B-4613-91FD-B6A0CC23D3A2}.Release|Any CPU.Build.0 = Release|Any CPU
		{65D9A6FC-DC4B-4613-91FD-B6A0CC23D3A2}.Release|x64.ActiveCfg = Release|x64
		{65D9A6FC-DC4B-4613-91FD-B6A0CC23D3A2}.Release|x64.Build.0 = Release|x64
		{65D9A6FC-DC4B-4613-91FD-B6A0CC23D3A2}.Release|x86.ActiveCfg = Release|x86
		{65D9A6FC-DC4B-4613-91FD-B6A0CC23D3A2}.Release|x86.Build.0 = Release|x86
	EndGlobalSection
	GlobalSection(SolutionProperties) = preSolution
		HideSolutionNode = FALSE
	EndGlobalSection
	GlobalSection(NestedProjects) = preSolution
		{5D742956-06A5-40F9-939D-5EFF66B78D8D} = {72D7C84F-21D2-445A-8A7D-429C023534EA}
		{781AA3BC-29D6-43BA-B76B-7EF1C5532BA5} = {72D7C84F-21D2-445A-8A7D-429C023534EA}
		{77E24CB7-79B1-4797-8477-EAD767685795} = {72D7C84F-21D2-445A-8A7D-429C023534EA}
		{6924768E-F20A-4EA8-9D15-46F8A9890989} = {72D7C84F-21D2-445A-8A7D-429C023534EA}
		{3804AFB6-EB38-4AA6-B58A-DD9C0337AB31} = {72D7C84F-21D2-445A-8A7D-429C023534EA}
		{467EEF80-0390-46E8-A403-CAB70FC2D8E1} = {D0E16C21-468E-46AF-9F64-552BBBAF9CC6}
		{49D837DB-CD03-4BCA-8726-FD82B0769AD4} = {D0E16C21-468E-46AF-9F64-552BBBAF9CC6}
		{CA46007A-4F0F-4304-BB57-D0E22D7C936E} = {D0E16C21-468E-46AF-9F64-552BBBAF9CC6}
		{F1A92A05-5950-454F-AFAB-3479F3E1EC43} = {D0E16C21-468E-46AF-9F64-552BBBAF9CC6}
		{6B98DB21-AA5C-49A7-827F-4611C075CF3F} = {D0E16C21-468E-46AF-9F64-552BBBAF9CC6}
		{5071D4BE-9A1A-40EA-A729-9A80B97CB9B1} = {D0E16C21-468E-46AF-9F64-552BBBAF9CC6}
		{583ECD4D-D68F-4FBB-A8F7-5B88E744EB31} = {E5978864-9204-446D-B21E-D125814CD999}
		{D0E7D96E-F1FB-4508-BF95-FBEE287BD8A2} = {E5978864-9204-446D-B21E-D125814CD999}
		{741CADAB-88E7-41B3-8250-D75A85580667} = {E5978864-9204-446D-B21E-D125814CD999}
		{FFC00657-5838-494B-8B90-35BF41099EF7} = {E5978864-9204-446D-B21E-D125814CD999}
		{65D9A6FC-DC4B-4613-91FD-B6A0CC23D3A2} = {E5978864-9204-446D-B21E-D125814CD999}
	EndGlobalSection
	GlobalSection(ExtensibilityGlobals) = postSolution
		SolutionGuid = {49D46FFB-75E0-44E6-8981-01A054376873}
	EndGlobalSection
EndGlobal
