
Microsoft Visual Studio Solution File, Format Version 12.00
# Visual Studio 15
VisualStudioVersion = 15.0.26206.0
MinimumVisualStudioVersion = 10.0.40219.1
Project("{FAE04EC0-301F-11D3-BF4B-00C04F79EFBC}") = "Cube.Pdf.Core", "Libraries\Core\Cube.Pdf.Core.csproj", "{5D742956-06A5-40F9-939D-5EFF66B78D8D}"
EndProject
Project("{FAE04EC0-301F-11D3-BF4B-00C04F79EFBC}") = "Cube.Pdf.Ghostscript", "Libraries\Ghostscript\Cube.Pdf.Ghostscript.csproj", "{781AA3BC-29D6-43BA-B76B-7EF1C5532BA5}"
EndProject
Project("{FAE04EC0-301F-11D3-BF4B-00C04F79EFBC}") = "Cube.Pdf.Itext", "Libraries\Itext\Cube.Pdf.Itext.csproj", "{77E24CB7-79B1-4797-8477-EAD767685795}"
EndProject
Project("{FAE04EC0-301F-11D3-BF4B-00C04F79EFBC}") = "Cube.Pdf.Tests", "Tests\Cube.Pdf.Tests.csproj", "{583ECD4D-D68F-4FBB-A8F7-5B88E744EB31}"
EndProject
Global
	GlobalSection(SolutionConfigurationPlatforms) = preSolution
		Debug|Any CPU = Debug|Any CPU
		Release|Any CPU = Release|Any CPU
	EndGlobalSection
	GlobalSection(ProjectConfigurationPlatforms) = postSolution
		{5D742956-06A5-40F9-939D-5EFF66B78D8D}.Debug|Any CPU.ActiveCfg = Debug|Any CPU
		{5D742956-06A5-40F9-939D-5EFF66B78D8D}.Debug|Any CPU.Build.0 = Debug|Any CPU
		{5D742956-06A5-40F9-939D-5EFF66B78D8D}.Release|Any CPU.ActiveCfg = Release|Any CPU
		{5D742956-06A5-40F9-939D-5EFF66B78D8D}.Release|Any CPU.Build.0 = Release|Any CPU
		{781AA3BC-29D6-43BA-B76B-7EF1C5532BA5}.Debug|Any CPU.ActiveCfg = Debug|Any CPU
		{781AA3BC-29D6-43BA-B76B-7EF1C5532BA5}.Debug|Any CPU.Build.0 = Debug|Any CPU
		{781AA3BC-29D6-43BA-B76B-7EF1C5532BA5}.Release|Any CPU.ActiveCfg = Release|Any CPU
		{781AA3BC-29D6-43BA-B76B-7EF1C5532BA5}.Release|Any CPU.Build.0 = Release|Any CPU
		{77E24CB7-79B1-4797-8477-EAD767685795}.Debug|Any CPU.ActiveCfg = Debug|Any CPU
		{77E24CB7-79B1-4797-8477-EAD767685795}.Debug|Any CPU.Build.0 = Debug|Any CPU
		{77E24CB7-79B1-4797-8477-EAD767685795}.Release|Any CPU.ActiveCfg = Release|Any CPU
		{77E24CB7-79B1-4797-8477-EAD767685795}.Release|Any CPU.Build.0 = Release|Any CPU
		{583ECD4D-D68F-4FBB-A8F7-5B88E744EB31}.Debug|Any CPU.ActiveCfg = Debug|Any CPU
		{583ECD4D-D68F-4FBB-A8F7-5B88E744EB31}.Debug|Any CPU.Build.0 = Debug|Any CPU
		{583ECD4D-D68F-4FBB-A8F7-5B88E744EB31}.Release|Any CPU.ActiveCfg = Release|Any CPU
		{583ECD4D-D68F-4FBB-A8F7-5B88E744EB31}.Release|Any CPU.Build.0 = Release|Any CPU
	EndGlobalSection
	GlobalSection(SolutionProperties) = preSolution
		HideSolutionNode = FALSE
	EndGlobalSection
	GlobalSection(ExtensibilityGlobals) = postSolution
		SolutionGuid = {1D2AD0DF-E702-494C-AB9F-34CF8FE073E0}
	EndGlobalSection
EndGlobal
