
Microsoft Visual Studio Solution File, Format Version 12.00
# Visual Studio 15
VisualStudioVersion = 15.0.27130.2027
MinimumVisualStudioVersion = 10.0.40219.1
Project("{2150E333-8FDC-42A3-9474-1A3956D46DE8}") = "Libraries", "Libraries", "{72D7C84F-21D2-445A-8A7D-429C023534EA}"
EndProject
Project("{2150E333-8FDC-42A3-9474-1A3956D46DE8}") = "Applications", "Applications", "{D0E16C21-468E-46AF-9F64-552BBBAF9CC6}"
EndProject
Project("{2150E333-8FDC-42A3-9474-1A3956D46DE8}") = "Tests", "Tests", "{E5978864-9204-446D-B21E-D125814CD999}"
EndProject
Project("{FAE04EC0-301F-11D3-BF4B-00C04F79EFBC}") = "Cube.Pdf.Core", "Libraries\Core\Cube.Pdf.Core.csproj", "{5D742956-06A5-40F9-939D-5EFF66B78D8D}"
EndProject
Project("{FAE04EC0-301F-11D3-BF4B-00C04F79EFBC}") = "Cube.Pdf.Ghostscript", "Libraries\Ghostscript\Cube.Pdf.Ghostscript.csproj", "{781AA3BC-29D6-43BA-B76B-7EF1C5532BA5}"
EndProject
Project("{FAE04EC0-301F-11D3-BF4B-00C04F79EFBC}") = "Cube.Pdf.Itext", "Libraries\Itext\Cube.Pdf.Itext.csproj", "{77E24CB7-79B1-4797-8477-EAD767685795}"
EndProject
Project("{FAE04EC0-301F-11D3-BF4B-00C04F79EFBC}") = "Cube.Pdf.Pdfium", "Libraries\Pdfium\Cube.Pdf.Pdfium.csproj", "{6924768E-F20A-4EA8-9D15-46F8A9890989}"
EndProject
Project("{FAE04EC0-301F-11D3-BF4B-00C04F79EFBC}") = "Cube.Pdf.App.Clip", "Applications\Clip\Cube.Pdf.App.Clip.csproj", "{65746EF3-A052-45CE-8565-ADF0DF950DBE}"
EndProject
Project("{FAE04EC0-301F-11D3-BF4B-00C04F79EFBC}") = "Cube.Pdf.App.Converter", "Applications\Converter\Forms\Cube.Pdf.App.Converter.csproj", "{467EEF80-0390-46E8-A403-CAB70FC2D8E1}"
EndProject
Project("{FAE04EC0-301F-11D3-BF4B-00C04F79EFBC}") = "Cube.Pdf.App.Editor", "Applications\Editor\Forms\Cube.Pdf.App.Editor.csproj", "{CA46007A-4F0F-4304-BB57-D0E22D7C936E}"
EndProject
Project("{FAE04EC0-301F-11D3-BF4B-00C04F79EFBC}") = "Cube.Pdf.App.Editor.Proxy", "Applications\Editor\Proxy\Cube.Pdf.App.Editor.Proxy.csproj", "{F1A92A05-5950-454F-AFAB-3479F3E1EC43}"
EndProject
Project("{FAE04EC0-301F-11D3-BF4B-00C04F79EFBC}") = "Cube.Pdf.App.Pages", "Applications\Pages\Cube.Pdf.App.Pages.csproj", "{27EADCF1-AA82-444B-B9E5-C9529FF48CA0}"
EndProject
Project("{FAE04EC0-301F-11D3-BF4B-00C04F79EFBC}") = "Cube.Pdf.App.Picker", "Applications\Picker\Cube.Pdf.App.Picker.csproj", "{C60D1DD1-1A53-4BFF-97F9-FD9902689336}"
EndProject
Project("{FAE04EC0-301F-11D3-BF4B-00C04F79EFBC}") = "Cube.Pdf.App.Proxy", "Applications\Converter\Proxy\Cube.Pdf.App.Proxy.csproj", "{49D837DB-CD03-4BCA-8726-FD82B0769AD4}"
EndProject
Project("{FAE04EC0-301F-11D3-BF4B-00C04F79EFBC}") = "Cube.Pdf.Tests", "Tests\Cube.Pdf.Tests.csproj", "{583ECD4D-D68F-4FBB-A8F7-5B88E744EB31}"
EndProject
Project("{FAE04EC0-301F-11D3-BF4B-00C04F79EFBC}") = "Cube.Pdf.Tests.Converter", "Applications\Converter\Tests\Cube.Pdf.Tests.Converter.csproj", "{D0E7D96E-F1FB-4508-BF95-FBEE287BD8A2}"
EndProject
Project("{FAE04EC0-301F-11D3-BF4B-00C04F79EFBC}") = "Cube.Pdf.Tests.Editor", "Applications\Editor\Tests\Cube.Pdf.Tests.Editor.csproj", "{741CADAB-88E7-41B3-8250-D75A85580667}"
EndProject
Global
	GlobalSection(SolutionConfigurationPlatforms) = preSolution
		Debug|Any CPU = Debug|Any CPU
		Debug|x64 = Debug|x64
		Debug|x86 = Debug|x86
		Release|Any CPU = Release|Any CPU
		Release|x64 = Release|x64
		Release|x86 = Release|x86
	EndGlobalSection
	GlobalSection(ProjectConfigurationPlatforms) = postSolution
		{5D742956-06A5-40F9-939D-5EFF66B78D8D}.Debug|Any CPU.ActiveCfg = Debug|Any CPU
		{5D742956-06A5-40F9-939D-5EFF66B78D8D}.Debug|Any CPU.Build.0 = Debug|Any CPU
		{5D742956-06A5-40F9-939D-5EFF66B78D8D}.Debug|x64.ActiveCfg = Debug|x64
		{5D742956-06A5-40F9-939D-5EFF66B78D8D}.Debug|x64.Build.0 = Debug|x64
		{5D742956-06A5-40F9-939D-5EFF66B78D8D}.Debug|x86.ActiveCfg = Debug|x86
		{5D742956-06A5-40F9-939D-5EFF66B78D8D}.Debug|x86.Build.0 = Debug|x86
		{5D742956-06A5-40F9-939D-5EFF66B78D8D}.Release|Any CPU.ActiveCfg = Release|Any CPU
		{5D742956-06A5-40F9-939D-5EFF66B78D8D}.Release|Any CPU.Build.0 = Release|Any CPU
		{5D742956-06A5-40F9-939D-5EFF66B78D8D}.Release|x64.ActiveCfg = Release|x64
		{5D742956-06A5-40F9-939D-5EFF66B78D8D}.Release|x64.Build.0 = Release|x64
		{5D742956-06A5-40F9-939D-5EFF66B78D8D}.Release|x86.ActiveCfg = Release|x86
		{5D742956-06A5-40F9-939D-5EFF66B78D8D}.Release|x86.Build.0 = Release|x86
		{781AA3BC-29D6-43BA-B76B-7EF1C5532BA5}.Debug|Any CPU.ActiveCfg = Debug|Any CPU
		{781AA3BC-29D6-43BA-B76B-7EF1C5532BA5}.Debug|Any CPU.Build.0 = Debug|Any CPU
		{781AA3BC-29D6-43BA-B76B-7EF1C5532BA5}.Debug|x64.ActiveCfg = Debug|x64
		{781AA3BC-29D6-43BA-B76B-7EF1C5532BA5}.Debug|x64.Build.0 = Debug|x64
		{781AA3BC-29D6-43BA-B76B-7EF1C5532BA5}.Debug|x86.ActiveCfg = Debug|x86
		{781AA3BC-29D6-43BA-B76B-7EF1C5532BA5}.Debug|x86.Build.0 = Debug|x86
		{781AA3BC-29D6-43BA-B76B-7EF1C5532BA5}.Release|Any CPU.ActiveCfg = Release|Any CPU
		{781AA3BC-29D6-43BA-B76B-7EF1C5532BA5}.Release|Any CPU.Build.0 = Release|Any CPU
		{781AA3BC-29D6-43BA-B76B-7EF1C5532BA5}.Release|x64.ActiveCfg = Release|x64
		{781AA3BC-29D6-43BA-B76B-7EF1C5532BA5}.Release|x64.Build.0 = Release|x64
		{781AA3BC-29D6-43BA-B76B-7EF1C5532BA5}.Release|x86.ActiveCfg = Release|x86
		{781AA3BC-29D6-43BA-B76B-7EF1C5532BA5}.Release|x86.Build.0 = Release|x86
		{77E24CB7-79B1-4797-8477-EAD767685795}.Debug|Any CPU.ActiveCfg = Debug|Any CPU
		{77E24CB7-79B1-4797-8477-EAD767685795}.Debug|Any CPU.Build.0 = Debug|Any CPU
		{77E24CB7-79B1-4797-8477-EAD767685795}.Debug|x64.ActiveCfg = Debug|x64
		{77E24CB7-79B1-4797-8477-EAD767685795}.Debug|x64.Build.0 = Debug|x64
		{77E24CB7-79B1-4797-8477-EAD767685795}.Debug|x86.ActiveCfg = Debug|x86
		{77E24CB7-79B1-4797-8477-EAD767685795}.Debug|x86.Build.0 = Debug|x86
		{77E24CB7-79B1-4797-8477-EAD767685795}.Release|Any CPU.ActiveCfg = Release|Any CPU
		{77E24CB7-79B1-4797-8477-EAD767685795}.Release|Any CPU.Build.0 = Release|Any CPU
		{77E24CB7-79B1-4797-8477-EAD767685795}.Release|x64.ActiveCfg = Release|x64
		{77E24CB7-79B1-4797-8477-EAD767685795}.Release|x64.Build.0 = Release|x64
		{77E24CB7-79B1-4797-8477-EAD767685795}.Release|x86.ActiveCfg = Release|x86
		{77E24CB7-79B1-4797-8477-EAD767685795}.Release|x86.Build.0 = Release|x86
		{6924768E-F20A-4EA8-9D15-46F8A9890989}.Debug|Any CPU.ActiveCfg = Debug|Any CPU
		{6924768E-F20A-4EA8-9D15-46F8A9890989}.Debug|Any CPU.Build.0 = Debug|Any CPU
		{6924768E-F20A-4EA8-9D15-46F8A9890989}.Debug|x64.ActiveCfg = Debug|x64
		{6924768E-F20A-4EA8-9D15-46F8A9890989}.Debug|x64.Build.0 = Debug|x64
		{6924768E-F20A-4EA8-9D15-46F8A9890989}.Debug|x86.ActiveCfg = Debug|x86
		{6924768E-F20A-4EA8-9D15-46F8A9890989}.Debug|x86.Build.0 = Debug|x86
		{6924768E-F20A-4EA8-9D15-46F8A9890989}.Release|Any CPU.ActiveCfg = Release|Any CPU
		{6924768E-F20A-4EA8-9D15-46F8A9890989}.Release|Any CPU.Build.0 = Release|Any CPU
		{6924768E-F20A-4EA8-9D15-46F8A9890989}.Release|x64.ActiveCfg = Release|x64
		{6924768E-F20A-4EA8-9D15-46F8A9890989}.Release|x64.Build.0 = Release|x64
		{6924768E-F20A-4EA8-9D15-46F8A9890989}.Release|x86.ActiveCfg = Release|x86
		{6924768E-F20A-4EA8-9D15-46F8A9890989}.Release|x86.Build.0 = Release|x86
		{65746EF3-A052-45CE-8565-ADF0DF950DBE}.Debug|Any CPU.ActiveCfg = Debug|Any CPU
		{65746EF3-A052-45CE-8565-ADF0DF950DBE}.Debug|Any CPU.Build.0 = Debug|Any CPU
		{65746EF3-A052-45CE-8565-ADF0DF950DBE}.Debug|x64.ActiveCfg = Debug|x64
		{65746EF3-A052-45CE-8565-ADF0DF950DBE}.Debug|x64.Build.0 = Debug|x64
		{65746EF3-A052-45CE-8565-ADF0DF950DBE}.Debug|x86.ActiveCfg = Debug|x86
		{65746EF3-A052-45CE-8565-ADF0DF950DBE}.Debug|x86.Build.0 = Debug|x86
		{65746EF3-A052-45CE-8565-ADF0DF950DBE}.Release|Any CPU.ActiveCfg = Release|Any CPU
		{65746EF3-A052-45CE-8565-ADF0DF950DBE}.Release|Any CPU.Build.0 = Release|Any CPU
		{65746EF3-A052-45CE-8565-ADF0DF950DBE}.Release|x64.ActiveCfg = Release|x64
		{65746EF3-A052-45CE-8565-ADF0DF950DBE}.Release|x64.Build.0 = Release|x64
		{65746EF3-A052-45CE-8565-ADF0DF950DBE}.Release|x86.ActiveCfg = Release|x86
		{65746EF3-A052-45CE-8565-ADF0DF950DBE}.Release|x86.Build.0 = Release|x86
		{467EEF80-0390-46E8-A403-CAB70FC2D8E1}.Debug|Any CPU.ActiveCfg = Debug|Any CPU
		{467EEF80-0390-46E8-A403-CAB70FC2D8E1}.Debug|Any CPU.Build.0 = Debug|Any CPU
		{467EEF80-0390-46E8-A403-CAB70FC2D8E1}.Debug|x64.ActiveCfg = Debug|x64
		{467EEF80-0390-46E8-A403-CAB70FC2D8E1}.Debug|x64.Build.0 = Debug|x64
		{467EEF80-0390-46E8-A403-CAB70FC2D8E1}.Debug|x86.ActiveCfg = Debug|x86
		{467EEF80-0390-46E8-A403-CAB70FC2D8E1}.Debug|x86.Build.0 = Debug|x86
		{467EEF80-0390-46E8-A403-CAB70FC2D8E1}.Release|Any CPU.ActiveCfg = Release|Any CPU
		{467EEF80-0390-46E8-A403-CAB70FC2D8E1}.Release|Any CPU.Build.0 = Release|Any CPU
		{467EEF80-0390-46E8-A403-CAB70FC2D8E1}.Release|x64.ActiveCfg = Release|x64
		{467EEF80-0390-46E8-A403-CAB70FC2D8E1}.Release|x64.Build.0 = Release|x64
		{467EEF80-0390-46E8-A403-CAB70FC2D8E1}.Release|x86.ActiveCfg = Release|x86
		{467EEF80-0390-46E8-A403-CAB70FC2D8E1}.Release|x86.Build.0 = Release|x86
		{CA46007A-4F0F-4304-BB57-D0E22D7C936E}.Debug|Any CPU.ActiveCfg = Debug|Any CPU
		{CA46007A-4F0F-4304-BB57-D0E22D7C936E}.Debug|Any CPU.Build.0 = Debug|Any CPU
		{CA46007A-4F0F-4304-BB57-D0E22D7C936E}.Debug|x64.ActiveCfg = Debug|x64
		{CA46007A-4F0F-4304-BB57-D0E22D7C936E}.Debug|x64.Build.0 = Debug|x64
		{CA46007A-4F0F-4304-BB57-D0E22D7C936E}.Debug|x86.ActiveCfg = Debug|x86
		{CA46007A-4F0F-4304-BB57-D0E22D7C936E}.Debug|x86.Build.0 = Debug|x86
		{CA46007A-4F0F-4304-BB57-D0E22D7C936E}.Release|Any CPU.ActiveCfg = Release|Any CPU
		{CA46007A-4F0F-4304-BB57-D0E22D7C936E}.Release|Any CPU.Build.0 = Release|Any CPU
		{CA46007A-4F0F-4304-BB57-D0E22D7C936E}.Release|x64.ActiveCfg = Release|x64
		{CA46007A-4F0F-4304-BB57-D0E22D7C936E}.Release|x64.Build.0 = Release|x64
		{CA46007A-4F0F-4304-BB57-D0E22D7C936E}.Release|x86.ActiveCfg = Release|x86
		{CA46007A-4F0F-4304-BB57-D0E22D7C936E}.Release|x86.Build.0 = Release|x86
		{F1A92A05-5950-454F-AFAB-3479F3E1EC43}.Debug|Any CPU.ActiveCfg = Debug|Any CPU
		{F1A92A05-5950-454F-AFAB-3479F3E1EC43}.Debug|Any CPU.Build.0 = Debug|Any CPU
		{F1A92A05-5950-454F-AFAB-3479F3E1EC43}.Debug|x64.ActiveCfg = Debug|x64
		{F1A92A05-5950-454F-AFAB-3479F3E1EC43}.Debug|x64.Build.0 = Debug|x64
		{F1A92A05-5950-454F-AFAB-3479F3E1EC43}.Debug|x86.ActiveCfg = Debug|x86
		{F1A92A05-5950-454F-AFAB-3479F3E1EC43}.Debug|x86.Build.0 = Debug|x86
		{F1A92A05-5950-454F-AFAB-3479F3E1EC43}.Release|Any CPU.ActiveCfg = Release|Any CPU
		{F1A92A05-5950-454F-AFAB-3479F3E1EC43}.Release|Any CPU.Build.0 = Release|Any CPU
		{F1A92A05-5950-454F-AFAB-3479F3E1EC43}.Release|x64.ActiveCfg = Release|x64
		{F1A92A05-5950-454F-AFAB-3479F3E1EC43}.Release|x64.Build.0 = Release|x64
		{F1A92A05-5950-454F-AFAB-3479F3E1EC43}.Release|x86.ActiveCfg = Release|x86
		{F1A92A05-5950-454F-AFAB-3479F3E1EC43}.Release|x86.Build.0 = Release|x86
		{27EADCF1-AA82-444B-B9E5-C9529FF48CA0}.Debug|Any CPU.ActiveCfg = Debug|Any CPU
		{27EADCF1-AA82-444B-B9E5-C9529FF48CA0}.Debug|Any CPU.Build.0 = Debug|Any CPU
		{27EADCF1-AA82-444B-B9E5-C9529FF48CA0}.Debug|x64.ActiveCfg = Debug|x64
		{27EADCF1-AA82-444B-B9E5-C9529FF48CA0}.Debug|x64.Build.0 = Debug|x64
		{27EADCF1-AA82-444B-B9E5-C9529FF48CA0}.Debug|x86.ActiveCfg = Debug|x86
		{27EADCF1-AA82-444B-B9E5-C9529FF48CA0}.Debug|x86.Build.0 = Debug|x86
		{27EADCF1-AA82-444B-B9E5-C9529FF48CA0}.Release|Any CPU.ActiveCfg = Release|Any CPU
		{27EADCF1-AA82-444B-B9E5-C9529FF48CA0}.Release|Any CPU.Build.0 = Release|Any CPU
		{27EADCF1-AA82-444B-B9E5-C9529FF48CA0}.Release|x64.ActiveCfg = Release|x64
		{27EADCF1-AA82-444B-B9E5-C9529FF48CA0}.Release|x64.Build.0 = Release|x64
		{27EADCF1-AA82-444B-B9E5-C9529FF48CA0}.Release|x86.ActiveCfg = Release|x86
		{27EADCF1-AA82-444B-B9E5-C9529FF48CA0}.Release|x86.Build.0 = Release|x86
		{C60D1DD1-1A53-4BFF-97F9-FD9902689336}.Debug|Any CPU.ActiveCfg = Debug|Any CPU
		{C60D1DD1-1A53-4BFF-97F9-FD9902689336}.Debug|Any CPU.Build.0 = Debug|Any CPU
		{C60D1DD1-1A53-4BFF-97F9-FD9902689336}.Debug|x64.ActiveCfg = Debug|x64
		{C60D1DD1-1A53-4BFF-97F9-FD9902689336}.Debug|x64.Build.0 = Debug|x64
		{C60D1DD1-1A53-4BFF-97F9-FD9902689336}.Debug|x86.ActiveCfg = Debug|x86
		{C60D1DD1-1A53-4BFF-97F9-FD9902689336}.Debug|x86.Build.0 = Debug|x86
		{C60D1DD1-1A53-4BFF-97F9-FD9902689336}.Release|Any CPU.ActiveCfg = Release|Any CPU
		{C60D1DD1-1A53-4BFF-97F9-FD9902689336}.Release|Any CPU.Build.0 = Release|Any CPU
		{C60D1DD1-1A53-4BFF-97F9-FD9902689336}.Release|x64.ActiveCfg = Release|x64
		{C60D1DD1-1A53-4BFF-97F9-FD9902689336}.Release|x64.Build.0 = Release|x64
		{C60D1DD1-1A53-4BFF-97F9-FD9902689336}.Release|x86.ActiveCfg = Release|x86
		{C60D1DD1-1A53-4BFF-97F9-FD9902689336}.Release|x86.Build.0 = Release|x86
		{49D837DB-CD03-4BCA-8726-FD82B0769AD4}.Debug|Any CPU.ActiveCfg = Debug|Any CPU
		{49D837DB-CD03-4BCA-8726-FD82B0769AD4}.Debug|Any CPU.Build.0 = Debug|Any CPU
		{49D837DB-CD03-4BCA-8726-FD82B0769AD4}.Debug|x64.ActiveCfg = Debug|x64
		{49D837DB-CD03-4BCA-8726-FD82B0769AD4}.Debug|x64.Build.0 = Debug|x64
		{49D837DB-CD03-4BCA-8726-FD82B0769AD4}.Debug|x86.ActiveCfg = Debug|x86
		{49D837DB-CD03-4BCA-8726-FD82B0769AD4}.Debug|x86.Build.0 = Debug|x86
		{49D837DB-CD03-4BCA-8726-FD82B0769AD4}.Release|Any CPU.ActiveCfg = Release|Any CPU
		{49D837DB-CD03-4BCA-8726-FD82B0769AD4}.Release|Any CPU.Build.0 = Release|Any CPU
		{49D837DB-CD03-4BCA-8726-FD82B0769AD4}.Release|x64.ActiveCfg = Release|x64
		{49D837DB-CD03-4BCA-8726-FD82B0769AD4}.Release|x64.Build.0 = Release|x64
		{49D837DB-CD03-4BCA-8726-FD82B0769AD4}.Release|x86.ActiveCfg = Release|x86
		{49D837DB-CD03-4BCA-8726-FD82B0769AD4}.Release|x86.Build.0 = Release|x86
		{583ECD4D-D68F-4FBB-A8F7-5B88E744EB31}.Debug|Any CPU.ActiveCfg = Debug|Any CPU
		{583ECD4D-D68F-4FBB-A8F7-5B88E744EB31}.Debug|Any CPU.Build.0 = Debug|Any CPU
		{583ECD4D-D68F-4FBB-A8F7-5B88E744EB31}.Debug|x64.ActiveCfg = Debug|x64
		{583ECD4D-D68F-4FBB-A8F7-5B88E744EB31}.Debug|x64.Build.0 = Debug|x64
		{583ECD4D-D68F-4FBB-A8F7-5B88E744EB31}.Debug|x86.ActiveCfg = Debug|x86
		{583ECD4D-D68F-4FBB-A8F7-5B88E744EB31}.Debug|x86.Build.0 = Debug|x86
		{583ECD4D-D68F-4FBB-A8F7-5B88E744EB31}.Release|Any CPU.ActiveCfg = Release|Any CPU
		{583ECD4D-D68F-4FBB-A8F7-5B88E744EB31}.Release|Any CPU.Build.0 = Release|Any CPU
		{583ECD4D-D68F-4FBB-A8F7-5B88E744EB31}.Release|x64.ActiveCfg = Release|x64
		{583ECD4D-D68F-4FBB-A8F7-5B88E744EB31}.Release|x64.Build.0 = Release|x64
		{583ECD4D-D68F-4FBB-A8F7-5B88E744EB31}.Release|x86.ActiveCfg = Release|x86
		{583ECD4D-D68F-4FBB-A8F7-5B88E744EB31}.Release|x86.Build.0 = Release|x86
		{D0E7D96E-F1FB-4508-BF95-FBEE287BD8A2}.Debug|Any CPU.ActiveCfg = Debug|Any CPU
		{D0E7D96E-F1FB-4508-BF95-FBEE287BD8A2}.Debug|Any CPU.Build.0 = Debug|Any CPU
		{D0E7D96E-F1FB-4508-BF95-FBEE287BD8A2}.Debug|x64.ActiveCfg = Debug|x64
		{D0E7D96E-F1FB-4508-BF95-FBEE287BD8A2}.Debug|x64.Build.0 = Debug|x64
		{D0E7D96E-F1FB-4508-BF95-FBEE287BD8A2}.Debug|x86.ActiveCfg = Debug|x86
		{D0E7D96E-F1FB-4508-BF95-FBEE287BD8A2}.Debug|x86.Build.0 = Debug|x86
		{D0E7D96E-F1FB-4508-BF95-FBEE287BD8A2}.Release|Any CPU.ActiveCfg = Release|Any CPU
		{D0E7D96E-F1FB-4508-BF95-FBEE287BD8A2}.Release|Any CPU.Build.0 = Release|Any CPU
		{D0E7D96E-F1FB-4508-BF95-FBEE287BD8A2}.Release|x64.ActiveCfg = Release|x64
		{D0E7D96E-F1FB-4508-BF95-FBEE287BD8A2}.Release|x64.Build.0 = Release|x64
		{D0E7D96E-F1FB-4508-BF95-FBEE287BD8A2}.Release|x86.ActiveCfg = Release|x86
		{D0E7D96E-F1FB-4508-BF95-FBEE287BD8A2}.Release|x86.Build.0 = Release|x86
		{741CADAB-88E7-41B3-8250-D75A85580667}.Debug|Any CPU.ActiveCfg = Debug|Any CPU
		{741CADAB-88E7-41B3-8250-D75A85580667}.Debug|Any CPU.Build.0 = Debug|Any CPU
		{741CADAB-88E7-41B3-8250-D75A85580667}.Debug|x64.ActiveCfg = Debug|x64
		{741CADAB-88E7-41B3-8250-D75A85580667}.Debug|x64.Build.0 = Debug|x64
		{741CADAB-88E7-41B3-8250-D75A85580667}.Debug|x86.ActiveCfg = Debug|x86
		{741CADAB-88E7-41B3-8250-D75A85580667}.Debug|x86.Build.0 = Debug|x86
		{741CADAB-88E7-41B3-8250-D75A85580667}.Release|Any CPU.ActiveCfg = Release|Any CPU
		{741CADAB-88E7-41B3-8250-D75A85580667}.Release|Any CPU.Build.0 = Release|Any CPU
		{741CADAB-88E7-41B3-8250-D75A85580667}.Release|x64.ActiveCfg = Release|x64
		{741CADAB-88E7-41B3-8250-D75A85580667}.Release|x64.Build.0 = Release|x64
		{741CADAB-88E7-41B3-8250-D75A85580667}.Release|x86.ActiveCfg = Release|x86
		{741CADAB-88E7-41B3-8250-D75A85580667}.Release|x86.Build.0 = Release|x86
	EndGlobalSection
	GlobalSection(SolutionProperties) = preSolution
		HideSolutionNode = FALSE
	EndGlobalSection
	GlobalSection(NestedProjects) = preSolution
		{5D742956-06A5-40F9-939D-5EFF66B78D8D} = {72D7C84F-21D2-445A-8A7D-429C023534EA}
		{781AA3BC-29D6-43BA-B76B-7EF1C5532BA5} = {72D7C84F-21D2-445A-8A7D-429C023534EA}
		{77E24CB7-79B1-4797-8477-EAD767685795} = {72D7C84F-21D2-445A-8A7D-429C023534EA}
		{6924768E-F20A-4EA8-9D15-46F8A9890989} = {72D7C84F-21D2-445A-8A7D-429C023534EA}
		{65746EF3-A052-45CE-8565-ADF0DF950DBE} = {D0E16C21-468E-46AF-9F64-552BBBAF9CC6}
		{467EEF80-0390-46E8-A403-CAB70FC2D8E1} = {D0E16C21-468E-46AF-9F64-552BBBAF9CC6}
		{CA46007A-4F0F-4304-BB57-D0E22D7C936E} = {D0E16C21-468E-46AF-9F64-552BBBAF9CC6}
		{F1A92A05-5950-454F-AFAB-3479F3E1EC43} = {D0E16C21-468E-46AF-9F64-552BBBAF9CC6}
		{27EADCF1-AA82-444B-B9E5-C9529FF48CA0} = {D0E16C21-468E-46AF-9F64-552BBBAF9CC6}
		{C60D1DD1-1A53-4BFF-97F9-FD9902689336} = {D0E16C21-468E-46AF-9F64-552BBBAF9CC6}
		{49D837DB-CD03-4BCA-8726-FD82B0769AD4} = {D0E16C21-468E-46AF-9F64-552BBBAF9CC6}
		{583ECD4D-D68F-4FBB-A8F7-5B88E744EB31} = {E5978864-9204-446D-B21E-D125814CD999}
		{D0E7D96E-F1FB-4508-BF95-FBEE287BD8A2} = {E5978864-9204-446D-B21E-D125814CD999}
		{741CADAB-88E7-41B3-8250-D75A85580667} = {E5978864-9204-446D-B21E-D125814CD999}
	EndGlobalSection
	GlobalSection(ExtensibilityGlobals) = postSolution
		SolutionGuid = {49D46FFB-75E0-44E6-8981-01A054376873}
	EndGlobalSection
EndGlobal
